
Microsoft Visual Studio Solution File, Format Version 12.00
# Visual Studio 15
VisualStudioVersion = 15.0.27004.2002
MinimumVisualStudioVersion = 10.0.40219.1
Project("{FAE04EC0-301F-11D3-BF4B-00C04F79EFBC}") = "wordMixer", "wordMixer\wordMixer.csproj", "{DBA15C66-B59B-43E5-AAA9-38883FFF51F9}"
EndProject
Global
	GlobalSection(SolutionConfigurationPlatforms) = preSolution
		Debug|Any CPU = Debug|Any CPU
		Release|Any CPU = Release|Any CPU
	EndGlobalSection
	GlobalSection(ProjectConfigurationPlatforms) = postSolution
		{DBA15C66-B59B-43E5-AAA9-38883FFF51F9}.Debug|Any CPU.ActiveCfg = Debug|Any CPU
		{DBA15C66-B59B-43E5-AAA9-38883FFF51F9}.Debug|Any CPU.Build.0 = Debug|Any CPU
		{DBA15C66-B59B-43E5-AAA9-38883FFF51F9}.Release|Any CPU.ActiveCfg = Release|Any CPU
		{DBA15C66-B59B-43E5-AAA9-38883FFF51F9}.Release|Any CPU.Build.0 = Release|Any CPU
	EndGlobalSection
	GlobalSection(SolutionProperties) = preSolution
		HideSolutionNode = FALSE
	EndGlobalSection
	GlobalSection(ExtensibilityGlobals) = postSolution
		SolutionGuid = {7A2129C2-BAFD-41EB-B0AB-33B411EA9BDF}
	EndGlobalSection
EndGlobal
