
Microsoft Visual Studio Solution File, Format Version 12.00
# Visual Studio 15
VisualStudioVersion = 15.0.27004.2006
MinimumVisualStudioVersion = 10.0.40219.1
Project("{FAE04EC0-301F-11D3-BF4B-00C04F79EFBC}") = "01_exercise", "01_exercise\01_exercise.csproj", "{D947F211-44AC-46AC-930D-B24294AA94C0}"
EndProject
Project("{FAE04EC0-301F-11D3-BF4B-00C04F79EFBC}") = "02_method", "02_method\02_method.csproj", "{A784EA99-DC1C-453B-849B-09E5C4AB67CE}"
EndProject
Global
	GlobalSection(SolutionConfigurationPlatforms) = preSolution
		Debug|Any CPU = Debug|Any CPU
		Release|Any CPU = Release|Any CPU
	EndGlobalSection
	GlobalSection(ProjectConfigurationPlatforms) = postSolution
		{D947F211-44AC-46AC-930D-B24294AA94C0}.Debug|Any CPU.ActiveCfg = Debug|Any CPU
		{D947F211-44AC-46AC-930D-B24294AA94C0}.Debug|Any CPU.Build.0 = Debug|Any CPU
		{D947F211-44AC-46AC-930D-B24294AA94C0}.Release|Any CPU.ActiveCfg = Release|Any CPU
		{D947F211-44AC-46AC-930D-B24294AA94C0}.Release|Any CPU.Build.0 = Release|Any CPU
		{A784EA99-DC1C-453B-849B-09E5C4AB67CE}.Debug|Any CPU.ActiveCfg = Debug|Any CPU
		{A784EA99-DC1C-453B-849B-09E5C4AB67CE}.Debug|Any CPU.Build.0 = Debug|Any CPU
		{A784EA99-DC1C-453B-849B-09E5C4AB67CE}.Release|Any CPU.ActiveCfg = Release|Any CPU
		{A784EA99-DC1C-453B-849B-09E5C4AB67CE}.Release|Any CPU.Build.0 = Release|Any CPU
	EndGlobalSection
	GlobalSection(SolutionProperties) = preSolution
		HideSolutionNode = FALSE
	EndGlobalSection
	GlobalSection(ExtensibilityGlobals) = postSolution
		SolutionGuid = {09BCD74F-3C5A-451B-BC85-DDF90BEDBC57}
	EndGlobalSection
EndGlobal
