
Microsoft Visual Studio Solution File, Format Version 12.00
# Visual Studio 15
VisualStudioVersion = 15.0.27130.2003
MinimumVisualStudioVersion = 10.0.40219.1
Project("{FAE04EC0-301F-11D3-BF4B-00C04F79EFBC}") = "Restaraunt_Receipt", "Restaraunt_Receipt\Restaraunt_Receipt.csproj", "{548CD7DD-9FED-4505-A20B-FAC3B08D8F6A}"
EndProject
Project("{FAE04EC0-301F-11D3-BF4B-00C04F79EFBC}") = "Restaurant_OO", "Restaurant_OO\Restaurant_OO.csproj", "{C0BC6D06-7163-43C2-823C-ED46E41EA07D}"
EndProject
Project("{FAE04EC0-301F-11D3-BF4B-00C04F79EFBC}") = "WordGuessingGame", "WordGuessingGame\WordGuessingGame.csproj", "{0205E121-0699-40BB-8A68-787A3F723A4B}"
EndProject
Global
	GlobalSection(SolutionConfigurationPlatforms) = preSolution
		Debug|Any CPU = Debug|Any CPU
		Release|Any CPU = Release|Any CPU
	EndGlobalSection
	GlobalSection(ProjectConfigurationPlatforms) = postSolution
		{548CD7DD-9FED-4505-A20B-FAC3B08D8F6A}.Debug|Any CPU.ActiveCfg = Debug|Any CPU
		{548CD7DD-9FED-4505-A20B-FAC3B08D8F6A}.Debug|Any CPU.Build.0 = Debug|Any CPU
		{548CD7DD-9FED-4505-A20B-FAC3B08D8F6A}.Release|Any CPU.ActiveCfg = Release|Any CPU
		{548CD7DD-9FED-4505-A20B-FAC3B08D8F6A}.Release|Any CPU.Build.0 = Release|Any CPU
		{C0BC6D06-7163-43C2-823C-ED46E41EA07D}.Debug|Any CPU.ActiveCfg = Debug|Any CPU
		{C0BC6D06-7163-43C2-823C-ED46E41EA07D}.Debug|Any CPU.Build.0 = Debug|Any CPU
		{C0BC6D06-7163-43C2-823C-ED46E41EA07D}.Release|Any CPU.ActiveCfg = Release|Any CPU
		{C0BC6D06-7163-43C2-823C-ED46E41EA07D}.Release|Any CPU.Build.0 = Release|Any CPU
		{0205E121-0699-40BB-8A68-787A3F723A4B}.Debug|Any CPU.ActiveCfg = Debug|Any CPU
		{0205E121-0699-40BB-8A68-787A3F723A4B}.Debug|Any CPU.Build.0 = Debug|Any CPU
		{0205E121-0699-40BB-8A68-787A3F723A4B}.Release|Any CPU.ActiveCfg = Release|Any CPU
		{0205E121-0699-40BB-8A68-787A3F723A4B}.Release|Any CPU.Build.0 = Release|Any CPU
	EndGlobalSection
	GlobalSection(SolutionProperties) = preSolution
		HideSolutionNode = FALSE
	EndGlobalSection
	GlobalSection(ExtensibilityGlobals) = postSolution
		SolutionGuid = {B1CCCA7B-F77E-4F96-AF7B-10D776A03B4D}
	EndGlobalSection
EndGlobal
